
Microsoft Visual Studio Solution File, Format Version 12.00
# Visual Studio Version 17
VisualStudioVersion = 17.0.32002.185
MinimumVisualStudioVersion = 10.0.40219.1
Project("{8BC9CEB8-8B4A-11D0-8D11-00A0C91BC942}") = "MASM", "MASM\MASM.vcxproj", "{C1944610-1784-4AA9-81D5-CFD13EBBBBD4}"
EndProject
Project("{8BC9CEB8-8B4A-11D0-8D11-00A0C91BC942}") = "Exchange", "Exchange\Exchange.vcxproj", "{034B67BE-93B8-48C1-BC2F-463616806F8D}"
EndProject
Project("{8BC9CEB8-8B4A-11D0-8D11-00A0C91BC942}") = "Fibonnaci", "Fibonnaci\Fibonnaci.vcxproj", "{F195F940-4D5E-4F69-A33D-EF595C7F9384}"
EndProject
Project("{8BC9CEB8-8B4A-11D0-8D11-00A0C91BC942}") = "SumOfNumbers", "SumOfNumbers\SumOfNumbers.vcxproj", "{757F621E-28F3-4399-919F-15B4277DD770}"
EndProject
Project("{8BC9CEB8-8B4A-11D0-8D11-00A0C91BC942}") = "Echo", "Echo\Echo.vcxproj", "{207E8B8E-9B18-418B-B033-53987EF29EBC}"
EndProject
Project("{8BC9CEB8-8B4A-11D0-8D11-00A0C91BC942}") = "Alphabet", "Alphabet\Alphabet.vcxproj", "{AD6418D7-2530-4887-9C7B-89B3CB68CD53}"
EndProject
Project("{8BC9CEB8-8B4A-11D0-8D11-00A0C91BC942}") = "Hello World", "Hello World\Hello World.vcxproj", "{BB65C0B1-95F2-4FAE-A269-9F2B424699AD}"
EndProject
Project("{8BC9CEB8-8B4A-11D0-8D11-00A0C91BC942}") = "Loop", "Loop\Loop.vcxproj", "{0641A796-A74C-4C21-B0B9-8F0CEC3D35D2}"
EndProject
Project("{8BC9CEB8-8B4A-11D0-8D11-00A0C91BC942}") = "PrintLine", "PrintLine\PrintLine.vcxproj", "{A98795AB-8F17-414C-9B3B-AB1CD6387820}"
EndProject
Project("{8BC9CEB8-8B4A-11D0-8D11-00A0C91BC942}") = "FibRecursive", "FibRecursive\FibRecursive.vcxproj", "{D3716064-513B-48D7-8D05-F00CE64F7E07}"
EndProject
Project("{8BC9CEB8-8B4A-11D0-8D11-00A0C91BC942}") = "IntMull", "IntMull\IntMull.vcxproj", "{D9A35E18-8840-4520-B3F6-DE5C044629BC}"
EndProject
Global
	GlobalSection(SolutionConfigurationPlatforms) = preSolution
		Debug|x64 = Debug|x64
		Debug|x86 = Debug|x86
		Release|x64 = Release|x64
		Release|x86 = Release|x86
	EndGlobalSection
	GlobalSection(ProjectConfigurationPlatforms) = postSolution
		{C1944610-1784-4AA9-81D5-CFD13EBBBBD4}.Debug|x64.ActiveCfg = Debug|x64
		{C1944610-1784-4AA9-81D5-CFD13EBBBBD4}.Debug|x64.Build.0 = Debug|x64
		{C1944610-1784-4AA9-81D5-CFD13EBBBBD4}.Debug|x86.ActiveCfg = Debug|Win32
		{C1944610-1784-4AA9-81D5-CFD13EBBBBD4}.Debug|x86.Build.0 = Debug|Win32
		{C1944610-1784-4AA9-81D5-CFD13EBBBBD4}.Release|x64.ActiveCfg = Release|x64
		{C1944610-1784-4AA9-81D5-CFD13EBBBBD4}.Release|x64.Build.0 = Release|x64
		{C1944610-1784-4AA9-81D5-CFD13EBBBBD4}.Release|x86.ActiveCfg = Release|Win32
		{C1944610-1784-4AA9-81D5-CFD13EBBBBD4}.Release|x86.Build.0 = Release|Win32
		{034B67BE-93B8-48C1-BC2F-463616806F8D}.Debug|x64.ActiveCfg = Debug|x64
		{034B67BE-93B8-48C1-BC2F-463616806F8D}.Debug|x64.Build.0 = Debug|x64
		{034B67BE-93B8-48C1-BC2F-463616806F8D}.Debug|x86.ActiveCfg = Debug|Win32
		{034B67BE-93B8-48C1-BC2F-463616806F8D}.Debug|x86.Build.0 = Debug|Win32
		{034B67BE-93B8-48C1-BC2F-463616806F8D}.Release|x64.ActiveCfg = Release|x64
		{034B67BE-93B8-48C1-BC2F-463616806F8D}.Release|x64.Build.0 = Release|x64
		{034B67BE-93B8-48C1-BC2F-463616806F8D}.Release|x86.ActiveCfg = Release|Win32
		{034B67BE-93B8-48C1-BC2F-463616806F8D}.Release|x86.Build.0 = Release|Win32
		{F195F940-4D5E-4F69-A33D-EF595C7F9384}.Debug|x64.ActiveCfg = Debug|x64
		{F195F940-4D5E-4F69-A33D-EF595C7F9384}.Debug|x64.Build.0 = Debug|x64
		{F195F940-4D5E-4F69-A33D-EF595C7F9384}.Debug|x86.ActiveCfg = Debug|Win32
		{F195F940-4D5E-4F69-A33D-EF595C7F9384}.Debug|x86.Build.0 = Debug|Win32
		{F195F940-4D5E-4F69-A33D-EF595C7F9384}.Release|x64.ActiveCfg = Release|x64
		{F195F940-4D5E-4F69-A33D-EF595C7F9384}.Release|x64.Build.0 = Release|x64
		{F195F940-4D5E-4F69-A33D-EF595C7F9384}.Release|x86.ActiveCfg = Release|Win32
		{F195F940-4D5E-4F69-A33D-EF595C7F9384}.Release|x86.Build.0 = Release|Win32
		{757F621E-28F3-4399-919F-15B4277DD770}.Debug|x64.ActiveCfg = Debug|x64
		{757F621E-28F3-4399-919F-15B4277DD770}.Debug|x64.Build.0 = Debug|x64
		{757F621E-28F3-4399-919F-15B4277DD770}.Debug|x86.ActiveCfg = Debug|Win32
		{757F621E-28F3-4399-919F-15B4277DD770}.Debug|x86.Build.0 = Debug|Win32
		{757F621E-28F3-4399-919F-15B4277DD770}.Release|x64.ActiveCfg = Release|x64
		{757F621E-28F3-4399-919F-15B4277DD770}.Release|x64.Build.0 = Release|x64
		{757F621E-28F3-4399-919F-15B4277DD770}.Release|x86.ActiveCfg = Release|Win32
		{757F621E-28F3-4399-919F-15B4277DD770}.Release|x86.Build.0 = Release|Win32
		{207E8B8E-9B18-418B-B033-53987EF29EBC}.Debug|x64.ActiveCfg = Debug|x64
		{207E8B8E-9B18-418B-B033-53987EF29EBC}.Debug|x64.Build.0 = Debug|x64
		{207E8B8E-9B18-418B-B033-53987EF29EBC}.Debug|x86.ActiveCfg = Debug|Win32
		{207E8B8E-9B18-418B-B033-53987EF29EBC}.Debug|x86.Build.0 = Debug|Win32
		{207E8B8E-9B18-418B-B033-53987EF29EBC}.Release|x64.ActiveCfg = Release|x64
		{207E8B8E-9B18-418B-B033-53987EF29EBC}.Release|x64.Build.0 = Release|x64
		{207E8B8E-9B18-418B-B033-53987EF29EBC}.Release|x86.ActiveCfg = Release|Win32
		{207E8B8E-9B18-418B-B033-53987EF29EBC}.Release|x86.Build.0 = Release|Win32
		{AD6418D7-2530-4887-9C7B-89B3CB68CD53}.Debug|x64.ActiveCfg = Debug|x64
		{AD6418D7-2530-4887-9C7B-89B3CB68CD53}.Debug|x64.Build.0 = Debug|x64
		{AD6418D7-2530-4887-9C7B-89B3CB68CD53}.Debug|x86.ActiveCfg = Debug|Win32
		{AD6418D7-2530-4887-9C7B-89B3CB68CD53}.Debug|x86.Build.0 = Debug|Win32
		{AD6418D7-2530-4887-9C7B-89B3CB68CD53}.Release|x64.ActiveCfg = Release|x64
		{AD6418D7-2530-4887-9C7B-89B3CB68CD53}.Release|x64.Build.0 = Release|x64
		{AD6418D7-2530-4887-9C7B-89B3CB68CD53}.Release|x86.ActiveCfg = Release|Win32
		{AD6418D7-2530-4887-9C7B-89B3CB68CD53}.Release|x86.Build.0 = Release|Win32
		{BB65C0B1-95F2-4FAE-A269-9F2B424699AD}.Debug|x64.ActiveCfg = Debug|x64
		{BB65C0B1-95F2-4FAE-A269-9F2B424699AD}.Debug|x64.Build.0 = Debug|x64
		{BB65C0B1-95F2-4FAE-A269-9F2B424699AD}.Debug|x86.ActiveCfg = Debug|Win32
		{BB65C0B1-95F2-4FAE-A269-9F2B424699AD}.Debug|x86.Build.0 = Debug|Win32
		{BB65C0B1-95F2-4FAE-A269-9F2B424699AD}.Release|x64.ActiveCfg = Release|x64
		{BB65C0B1-95F2-4FAE-A269-9F2B424699AD}.Release|x64.Build.0 = Release|x64
		{BB65C0B1-95F2-4FAE-A269-9F2B424699AD}.Release|x86.ActiveCfg = Release|Win32
		{BB65C0B1-95F2-4FAE-A269-9F2B424699AD}.Release|x86.Build.0 = Release|Win32
		{0641A796-A74C-4C21-B0B9-8F0CEC3D35D2}.Debug|x64.ActiveCfg = Debug|x64
		{0641A796-A74C-4C21-B0B9-8F0CEC3D35D2}.Debug|x64.Build.0 = Debug|x64
		{0641A796-A74C-4C21-B0B9-8F0CEC3D35D2}.Debug|x86.ActiveCfg = Debug|Win32
		{0641A796-A74C-4C21-B0B9-8F0CEC3D35D2}.Debug|x86.Build.0 = Debug|Win32
		{0641A796-A74C-4C21-B0B9-8F0CEC3D35D2}.Release|x64.ActiveCfg = Release|x64
		{0641A796-A74C-4C21-B0B9-8F0CEC3D35D2}.Release|x64.Build.0 = Release|x64
		{0641A796-A74C-4C21-B0B9-8F0CEC3D35D2}.Release|x86.ActiveCfg = Release|Win32
		{0641A796-A74C-4C21-B0B9-8F0CEC3D35D2}.Release|x86.Build.0 = Release|Win32
		{A98795AB-8F17-414C-9B3B-AB1CD6387820}.Debug|x64.ActiveCfg = Debug|x64
		{A98795AB-8F17-414C-9B3B-AB1CD6387820}.Debug|x64.Build.0 = Debug|x64
		{A98795AB-8F17-414C-9B3B-AB1CD6387820}.Debug|x86.ActiveCfg = Debug|Win32
		{A98795AB-8F17-414C-9B3B-AB1CD6387820}.Debug|x86.Build.0 = Debug|Win32
		{A98795AB-8F17-414C-9B3B-AB1CD6387820}.Release|x64.ActiveCfg = Release|x64
		{A98795AB-8F17-414C-9B3B-AB1CD6387820}.Release|x64.Build.0 = Release|x64
		{A98795AB-8F17-414C-9B3B-AB1CD6387820}.Release|x86.ActiveCfg = Release|Win32
		{A98795AB-8F17-414C-9B3B-AB1CD6387820}.Release|x86.Build.0 = Release|Win32
		{D3716064-513B-48D7-8D05-F00CE64F7E07}.Debug|x64.ActiveCfg = Debug|x64
		{D3716064-513B-48D7-8D05-F00CE64F7E07}.Debug|x64.Build.0 = Debug|x64
		{D3716064-513B-48D7-8D05-F00CE64F7E07}.Debug|x86.ActiveCfg = Debug|Win32
		{D3716064-513B-48D7-8D05-F00CE64F7E07}.Debug|x86.Build.0 = Debug|Win32
		{D3716064-513B-48D7-8D05-F00CE64F7E07}.Release|x64.ActiveCfg = Release|x64
		{D3716064-513B-48D7-8D05-F00CE64F7E07}.Release|x64.Build.0 = Release|x64
		{D3716064-513B-48D7-8D05-F00CE64F7E07}.Release|x86.ActiveCfg = Release|Win32
		{D3716064-513B-48D7-8D05-F00CE64F7E07}.Release|x86.Build.0 = Release|Win32
		{D9A35E18-8840-4520-B3F6-DE5C044629BC}.Debug|x64.ActiveCfg = Debug|x64
		{D9A35E18-8840-4520-B3F6-DE5C044629BC}.Debug|x64.Build.0 = Debug|x64
		{D9A35E18-8840-4520-B3F6-DE5C044629BC}.Debug|x86.ActiveCfg = Debug|Win32
		{D9A35E18-8840-4520-B3F6-DE5C044629BC}.Debug|x86.Build.0 = Debug|Win32
		{D9A35E18-8840-4520-B3F6-DE5C044629BC}.Release|x64.ActiveCfg = Release|x64
		{D9A35E18-8840-4520-B3F6-DE5C044629BC}.Release|x64.Build.0 = Release|x64
		{D9A35E18-8840-4520-B3F6-DE5C044629BC}.Release|x86.ActiveCfg = Release|Win32
		{D9A35E18-8840-4520-B3F6-DE5C044629BC}.Release|x86.Build.0 = Release|Win32
	EndGlobalSection
	GlobalSection(SolutionProperties) = preSolution
		HideSolutionNode = FALSE
	EndGlobalSection
	GlobalSection(ExtensibilityGlobals) = postSolution
		SolutionGuid = {39559EA1-3AE8-4B8F-99C5-DF7516C18638}
	EndGlobalSection
EndGlobal
