
Microsoft Visual Studio Solution File, Format Version 12.00
# Visual Studio Version 17
VisualStudioVersion = 17.0.32002.185
MinimumVisualStudioVersion = 10.0.40219.1
Project("{8BC9CEB8-8B4A-11D0-8D11-00A0C91BC942}") = "MASM", "MASM\MASM.vcxproj", "{C1944610-1784-4AA9-81D5-CFD13EBBBBD4}"
EndProject
Project("{8BC9CEB8-8B4A-11D0-8D11-00A0C91BC942}") = "Exchange", "Exchange\Exchange.vcxproj", "{034B67BE-93B8-48C1-BC2F-463616806F8D}"
EndProject
Project("{8BC9CEB8-8B4A-11D0-8D11-00A0C91BC942}") = "Fibonnaci", "Fibonnaci\Fibonnaci.vcxproj", "{F195F940-4D5E-4F69-A33D-EF595C7F9384}"
EndProject
Global
	GlobalSection(SolutionConfigurationPlatforms) = preSolution
		Debug|x64 = Debug|x64
		Debug|x86 = Debug|x86
		Release|x64 = Release|x64
		Release|x86 = Release|x86
	EndGlobalSection
	GlobalSection(ProjectConfigurationPlatforms) = postSolution
		{C1944610-1784-4AA9-81D5-CFD13EBBBBD4}.Debug|x64.ActiveCfg = Debug|x64
		{C1944610-1784-4AA9-81D5-CFD13EBBBBD4}.Debug|x64.Build.0 = Debug|x64
		{C1944610-1784-4AA9-81D5-CFD13EBBBBD4}.Debug|x86.ActiveCfg = Debug|Win32
		{C1944610-1784-4AA9-81D5-CFD13EBBBBD4}.Debug|x86.Build.0 = Debug|Win32
		{C1944610-1784-4AA9-81D5-CFD13EBBBBD4}.Release|x64.ActiveCfg = Release|x64
		{C1944610-1784-4AA9-81D5-CFD13EBBBBD4}.Release|x64.Build.0 = Release|x64
		{C1944610-1784-4AA9-81D5-CFD13EBBBBD4}.Release|x86.ActiveCfg = Release|Win32
		{C1944610-1784-4AA9-81D5-CFD13EBBBBD4}.Release|x86.Build.0 = Release|Win32
		{034B67BE-93B8-48C1-BC2F-463616806F8D}.Debug|x64.ActiveCfg = Debug|x64
		{034B67BE-93B8-48C1-BC2F-463616806F8D}.Debug|x64.Build.0 = Debug|x64
		{034B67BE-93B8-48C1-BC2F-463616806F8D}.Debug|x86.ActiveCfg = Debug|Win32
		{034B67BE-93B8-48C1-BC2F-463616806F8D}.Debug|x86.Build.0 = Debug|Win32
		{034B67BE-93B8-48C1-BC2F-463616806F8D}.Release|x64.ActiveCfg = Release|x64
		{034B67BE-93B8-48C1-BC2F-463616806F8D}.Release|x64.Build.0 = Release|x64
		{034B67BE-93B8-48C1-BC2F-463616806F8D}.Release|x86.ActiveCfg = Release|Win32
		{034B67BE-93B8-48C1-BC2F-463616806F8D}.Release|x86.Build.0 = Release|Win32
		{F195F940-4D5E-4F69-A33D-EF595C7F9384}.Debug|x64.ActiveCfg = Debug|x64
		{F195F940-4D5E-4F69-A33D-EF595C7F9384}.Debug|x64.Build.0 = Debug|x64
		{F195F940-4D5E-4F69-A33D-EF595C7F9384}.Debug|x86.ActiveCfg = Debug|Win32
		{F195F940-4D5E-4F69-A33D-EF595C7F9384}.Debug|x86.Build.0 = Debug|Win32
		{F195F940-4D5E-4F69-A33D-EF595C7F9384}.Release|x64.ActiveCfg = Release|x64
		{F195F940-4D5E-4F69-A33D-EF595C7F9384}.Release|x64.Build.0 = Release|x64
		{F195F940-4D5E-4F69-A33D-EF595C7F9384}.Release|x86.ActiveCfg = Release|Win32
		{F195F940-4D5E-4F69-A33D-EF595C7F9384}.Release|x86.Build.0 = Release|Win32
	EndGlobalSection
	GlobalSection(SolutionProperties) = preSolution
		HideSolutionNode = FALSE
	EndGlobalSection
	GlobalSection(ExtensibilityGlobals) = postSolution
		SolutionGuid = {39559EA1-3AE8-4B8F-99C5-DF7516C18638}
	EndGlobalSection
EndGlobal
